
Microsoft Visual Studio Solution File, Format Version 12.00
# Visual Studio Version 17
VisualStudioVersion = 17.0.32126.317
MinimumVisualStudioVersion = 10.0.40219.1
Project("{FAE04EC0-301F-11D3-BF4B-00C04F79EFBC}") = "TheOtherRolesUpdater", "TheOtherRolesUpdater\TheOtherRolesUpdater.csproj", "{524BF46E-4ACC-4BFE-B7F4-3CF2219B80A0}"
EndProject
Global
	GlobalSection(SolutionConfigurationPlatforms) = preSolution
		Debug|Any CPU = Debug|Any CPU
		Release|Any CPU = Release|Any CPU
	EndGlobalSection
	GlobalSection(ProjectConfigurationPlatforms) = postSolution
		{524BF46E-4ACC-4BFE-B7F4-3CF2219B80A0}.Debug|Any CPU.ActiveCfg = Debug|Any CPU
		{524BF46E-4ACC-4BFE-B7F4-3CF2219B80A0}.Debug|Any CPU.Build.0 = Debug|Any CPU
		{524BF46E-4ACC-4BFE-B7F4-3CF2219B80A0}.Release|Any CPU.ActiveCfg = Release|Any CPU
		{524BF46E-4ACC-4BFE-B7F4-3CF2219B80A0}.Release|Any CPU.Build.0 = Release|Any CPU
	EndGlobalSection
	GlobalSection(SolutionProperties) = preSolution
		HideSolutionNode = FALSE
	EndGlobalSection
	GlobalSection(ExtensibilityGlobals) = postSolution
		SolutionGuid = {4429BF66-A630-48C1-AC8F-612ABEB86CAF}
	EndGlobalSection
EndGlobal
